
Microsoft Visual Studio Solution File, Format Version 12.00
# Visual Studio 14
VisualStudioVersion = 14.0.25420.1
MinimumVisualStudioVersion = 10.0.40219.1
Project("{FAE04EC0-301F-11D3-BF4B-00C04F79EFBC}") = "Helpr.Web", "Helpr.Web\Helpr.Web.csproj", "{535F68C7-6892-4C25-A593-9E1FD20B87C0}"
EndProject
Project("{FAE04EC0-301F-11D3-BF4B-00C04F79EFBC}") = "Helpr.Web.Tests", "Helpr.Web.Tests\Helpr.Web.Tests.csproj", "{984DE09F-F648-4630-80F8-9A493C74F0F0}"
EndProject
Global
	GlobalSection(SolutionConfigurationPlatforms) = preSolution
		Debug|Any CPU = Debug|Any CPU
		Release|Any CPU = Release|Any CPU
	EndGlobalSection
	GlobalSection(ProjectConfigurationPlatforms) = postSolution
		{535F68C7-6892-4C25-A593-9E1FD20B87C0}.Debug|Any CPU.ActiveCfg = Debug|Any CPU
		{535F68C7-6892-4C25-A593-9E1FD20B87C0}.Debug|Any CPU.Build.0 = Debug|Any CPU
		{535F68C7-6892-4C25-A593-9E1FD20B87C0}.Release|Any CPU.ActiveCfg = Release|Any CPU
		{535F68C7-6892-4C25-A593-9E1FD20B87C0}.Release|Any CPU.Build.0 = Release|Any CPU
		{984DE09F-F648-4630-80F8-9A493C74F0F0}.Debug|Any CPU.ActiveCfg = Debug|Any CPU
		{984DE09F-F648-4630-80F8-9A493C74F0F0}.Debug|Any CPU.Build.0 = Debug|Any CPU
		{984DE09F-F648-4630-80F8-9A493C74F0F0}.Release|Any CPU.ActiveCfg = Release|Any CPU
		{984DE09F-F648-4630-80F8-9A493C74F0F0}.Release|Any CPU.Build.0 = Release|Any CPU
	EndGlobalSection
	GlobalSection(SolutionProperties) = preSolution
		HideSolutionNode = FALSE
	EndGlobalSection
EndGlobal
